<?xml version="1.0" encoding="utf-8"?>
<Project ToolsVersion="4.0" xmlns="http://schemas.microsoft.com/developer/msbuild/2003">
  <ItemGroup>
    <Filter Include="ソース ファイル">
      <UniqueIdentifier>{4FC737F1-C7A5-4376-A066-2A32D752A2FF}</UniqueIdentifier>
      <Extensions>cpp;c;cc;cxx;c++;cppm;ixx;def;odl;idl;hpj;bat;asm;asmx</Extensions>
    </Filter>
    <Filter Include="ヘッダー ファイル">
      <UniqueIdentifier>{93995380-89BD-4b04-88EB-625FBE52EBFB}</UniqueIdentifier>
      <Extensions>h;hh;hpp;hxx;h++;hm;inl;inc;ipp;xsd</Extensions>
    </Filter>
    <Filter Include="リソース ファイル">
      <UniqueIdentifier>{67DA6AB6-F800-4c08-8B7A-83BB121AAD01}</UniqueIdentifier>
      <Extensions>rc;ico;cur;bmp;dlg;rc2;rct;bin;rgs;gif;jpg;jpeg;jpe;resx;tiff;tif;png;wav;mfcribbon-ms</Extensions>
    </Filter>
    <Filter Include="ソース ファイル\BonDriver">
      <UniqueIdentifier>{c22aef48-39a7-4420-bd5e-78eae2229e32}</UniqueIdentifier>
    </Filter>
    <Filter Include="ソース ファイル\Common">
      <UniqueIdentifier>{ec047181-acfb-4109-8fa1-447021bc5798}</UniqueIdentifier>
    </Filter>
    <Filter Include="ヘッダー ファイル\BonDriver">
      <UniqueIdentifier>{ff3b9915-2f37-4d30-b6f1-386d82a12121}</UniqueIdentifier>
    </Filter>
    <Filter Include="ヘッダー ファイル\Common">
      <UniqueIdentifier>{a5eec9fe-ad82-4908-b4c0-0160fd67e5e1}</UniqueIdentifier>
    </Filter>
    <Filter Include="ヘッダー ファイル\EARTH_inc">
      <UniqueIdentifier>{3c57a169-29fd-4362-85ee-3e0dd8fdf610}</UniqueIdentifier>
    </Filter>
  </ItemGroup>
  <ItemGroup>
    <ClCompile Include="src\BonDriver_PT1.cpp">
      <Filter>ソース ファイル\BonDriver</Filter>
    </ClCompile>
    <ClCompile Include="src\BonTuner.cpp">
      <Filter>ソース ファイル\BonDriver</Filter>
    </ClCompile>
    <ClCompile Include="src\ParseChSet.cpp">
      <Filter>ソース ファイル\BonDriver</Filter>
    </ClCompile>
    <ClCompile Include="src\stdafx.cpp">
      <Filter>ソース ファイル\BonDriver</Filter>
    </ClCompile>
    <ClCompile Include="..\Common\src\PipeServer.cpp">
      <Filter>ソース ファイル\Common</Filter>
    </ClCompile>
    <ClCompile Include="..\Common\src\PT1CreateCtrlCmdUtil.cpp">
      <Filter>ソース ファイル\Common</Filter>
    </ClCompile>
    <ClCompile Include="..\Common\src\PT1SendCtrlCmdUtil.cpp">
      <Filter>ソース ファイル\Common</Filter>
    </ClCompile>
    <ClCompile Include="..\Common\src\ServiceUtil.cpp">
      <Filter>ソース ファイル\Common</Filter>
    </ClCompile>
    <ClCompile Include="..\Common\src\StringUtil.cpp">
      <Filter>ソース ファイル\Common</Filter>
    </ClCompile>
    <ClCompile Include="..\Common\src\Util.cpp">
      <Filter>ソース ファイル\Common</Filter>
    </ClCompile>
  </ItemGroup>
  <ItemGroup>
    <ClInclude Include="inc\BonTuner.h">
      <Filter>ヘッダー ファイル\BonDriver</Filter>
    </ClInclude>
    <ClInclude Include="inc\IBonDriver.h">
      <Filter>ヘッダー ファイル\BonDriver</Filter>
    </ClInclude>
    <ClInclude Include="inc\IBonDriver2.h">
      <Filter>ヘッダー ファイル\BonDriver</Filter>
    </ClInclude>
    <ClInclude Include="inc\ParseChSet.h">
      <Filter>ヘッダー ファイル\BonDriver</Filter>
    </ClInclude>
    <ClInclude Include="inc\resource.h">
      <Filter>ヘッダー ファイル\BonDriver</Filter>
    </ClInclude>
    <ClInclude Include="inc\stdafx.h">
      <Filter>ヘッダー ファイル\BonDriver</Filter>
    </ClInclude>
    <ClInclude Include="..\Common\inc\PipeServer.h">
      <Filter>ヘッダー ファイル\Common</Filter>
    </ClInclude>
    <ClInclude Include="..\Common\inc\PT1CreateCtrlCmdUtil.h">
      <Filter>ヘッダー ファイル\Common</Filter>
    </ClInclude>
    <ClInclude Include="..\Common\inc\PT1OutsideCtrlCmdDef.h">
      <Filter>ヘッダー ファイル\Common</Filter>
    </ClInclude>
    <ClInclude Include="..\Common\inc\PT1SendCtrlCmdUtil.h">
      <Filter>ヘッダー ファイル\Common</Filter>
    </ClInclude>
    <ClInclude Include="..\Common\inc\ServiceUtil.h">
      <Filter>ヘッダー ファイル\Common</Filter>
    </ClInclude>
    <ClInclude Include="..\Common\inc\StringUtil.h">
      <Filter>ヘッダー ファイル\Common</Filter>
    </ClInclude>
    <ClInclude Include="..\Common\inc\Util.h">
      <Filter>ヘッダー ファイル\Common</Filter>
    </ClInclude>
    <ClInclude Include="EARTH_inc\EARTH_PT.h">
      <Filter>ヘッダー ファイル\EARTH_inc</Filter>
    </ClInclude>
    <ClInclude Include="EARTH_inc\OS_Library.h">
      <Filter>ヘッダー ファイル\EARTH_inc</Filter>
    </ClInclude>
    <ClInclude Include="EARTH_inc\Prefix.h">
      <Filter>ヘッダー ファイル\EARTH_inc</Filter>
    </ClInclude>
    <ClInclude Include="EARTH_inc\Prefix_Integer.h">
      <Filter>ヘッダー ファイル\EARTH_inc</Filter>
    </ClInclude>
    <ClInclude Include="resource.h">
      <Filter>ヘッダー ファイル</Filter>
    </ClInclude>
  </ItemGroup>
  <ItemGroup>
    <Manifest Include="..\Common\compatibility.manifest">
      <Filter>リソース ファイル</Filter>
    </Manifest>
  </ItemGroup>
  <ItemGroup>
    <ResourceCompile Include="BonDriver_PT.rc">
      <Filter>リソース ファイル</Filter>
    </ResourceCompile>
  </ItemGroup>
</Project>